
Microsoft Visual Studio Solution File, Format Version 12.00
# Visual Studio Version 17
VisualStudioVersion = 17.3.32825.248
MinimumVisualStudioVersion = 10.0.40219.1
Project("{9A19103F-16F7-4668-BE54-9A1E7A4F7556}") = "API_Device_Management", "API_Device_Management\API_Device_Management.csproj", "{FC862FC8-C5C1-481E-BA83-EBEB558A98AA}"
EndProject
Global
	GlobalSection(SolutionConfigurationPlatforms) = preSolution
		Debug|Any CPU = Debug|Any CPU
		Release|Any CPU = Release|Any CPU
	EndGlobalSection
	GlobalSection(ProjectConfigurationPlatforms) = postSolution
		{FC862FC8-C5C1-481E-BA83-EBEB558A98AA}.Debug|Any CPU.ActiveCfg = Debug|Any CPU
		{FC862FC8-C5C1-481E-BA83-EBEB558A98AA}.Debug|Any CPU.Build.0 = Debug|Any CPU
		{FC862FC8-C5C1-481E-BA83-EBEB558A98AA}.Release|Any CPU.ActiveCfg = Release|Any CPU
		{FC862FC8-C5C1-481E-BA83-EBEB558A98AA}.Release|Any CPU.Build.0 = Release|Any CPU
	EndGlobalSection
	GlobalSection(SolutionProperties) = preSolution
		HideSolutionNode = FALSE
	EndGlobalSection
	GlobalSection(ExtensibilityGlobals) = postSolution
		SolutionGuid = {5874DA68-649D-446F-A3EB-3C0B18397D14}
	EndGlobalSection
EndGlobal
